PODS:
  - Capacitor (1.1.0):
    - CapacitorCordova (= 1.1.0)
  - CapacitorCordova (1.1.0)

DEPENDENCIES:
  - Capacitor (= 1.1.0)

SPEC REPOS:
  https://github.com/cocoapods/specs.git:
    - Capacitor
    - CapacitorCordova

SPEC CHECKSUMS:
  Capacitor: d856054ea00ff2551c3e80a6c93da78e07b72728
  CapacitorCordova: 24f73475cb75fe28f44d4fb75bbfd6f4894dc82d

PODFILE CHECKSUM: 3db27de518ee9c97e5e88dd6e013c003449e5fbe

COCOAPODS: 1.6.1
